
Microsoft Visual Studio Solution File, Format Version 12.00
# Visual Studio 14
VisualStudioVersion = 14.0.25420.1
MinimumVisualStudioVersion = 10.0.40219.1
Project("{2150E333-8FDC-42A3-9474-1A3956D46DE8}") = "src", "src", "{462A6566-857F-4ED7-B370-46566DF3B6C7}"
EndProject
Project("{2150E333-8FDC-42A3-9474-1A3956D46DE8}") = "app", "app", "{72BB54C3-6A48-44EA-91C0-16DFA5092820}"
EndProject
Project("{2150E333-8FDC-42A3-9474-1A3956D46DE8}") = "preview", "preview", "{66F383CF-FCE3-4CB8-9C68-0B7D9919B481}"
EndProject
Project("{2150E333-8FDC-42A3-9474-1A3956D46DE8}") = "libs", "libs", "{ADBD6CCC-47CF-44A7-8197-03005BA516B5}"
EndProject
Project("{FAE04EC0-301F-11D3-BF4B-00C04F79EFBC}") = "TodoApp.Android", "src\app\TodoApp.Android\TodoApp.Android.csproj", "{FA01C86D-9F0B-4093-BFC6-3C28A4B2C7B8}"
EndProject
Project("{FAE04EC0-301F-11D3-BF4B-00C04F79EFBC}") = "TodoApp.iOS", "src\app\TodoApp.iOS\TodoApp.iOS.csproj", "{49DFC0FA-CA57-4ADE-81C8-5CF2F46F8EB6}"
EndProject
Project("{FAE04EC0-301F-11D3-BF4B-00C04F79EFBC}") = "TodoApp.UI", "src\app\TodoApp.UI\TodoApp.UI.csproj", "{D2F74D28-9D9F-421F-82D3-70082C91133B}"
EndProject
Project("{FAE04EC0-301F-11D3-BF4B-00C04F79EFBC}") = "TodoApp.BL", "src\libs\TodoApp.BL\TodoApp.BL.csproj", "{6163A4CB-9B52-4F5E-B5B6-52E21214AFD1}"
EndProject
Project("{FAE04EC0-301F-11D3-BF4B-00C04F79EFBC}") = "TodoApp.Data", "src\libs\TodoApp.Data\TodoApp.Data.csproj", "{0EEA2A68-306D-4FC3-9699-E665BFD7A43E}"
EndProject
Project("{FAE04EC0-301F-11D3-BF4B-00C04F79EFBC}") = "Player.Android", "src\preview\Player.Android\Player.Android.csproj", "{84B9E573-7DDE-4E66-8070-07A0A0A60200}"
EndProject
Project("{FAE04EC0-301F-11D3-BF4B-00C04F79EFBC}") = "Player.iOS", "src\preview\Player.iOS\Player.iOS.csproj", "{88332C86-2B4E-4898-9BE5-2C7F9F87A658}"
EndProject
Project("{2150E333-8FDC-42A3-9474-1A3956D46DE8}") = "tests", "tests", "{457CEB82-2448-48E5-A2D0-A02CB7EEE138}"
EndProject
Project("{2150E333-8FDC-42A3-9474-1A3956D46DE8}") = "unit", "unit", "{F4E74E8B-10B6-4118-983D-949D50C5955B}"
EndProject
Project("{2150E333-8FDC-42A3-9474-1A3956D46DE8}") = "system", "system", "{5CCF65A5-2753-46F9-AF6E-03AE3C001ECF}"
EndProject
Project("{FAE04EC0-301F-11D3-BF4B-00C04F79EFBC}") = "TodoApp.BL.Tests", "src\tests\unit\TodoApp.BL.Tests\TodoApp.BL.Tests.csproj", "{0D74230F-6D71-47AE-848E-0B00F49BFD3D}"
EndProject
Project("{FAE04EC0-301F-11D3-BF4B-00C04F79EFBC}") = "TodoApp.UI.Tests", "src\tests\system\TodoApp.UI.Tests\TodoApp.UI.Tests.csproj", "{D5AF087B-C68C-4E80-9576-5E93C36C8275}"
EndProject
Global
	GlobalSection(SolutionConfigurationPlatforms) = preSolution
		Ad-Hoc|Any CPU = Ad-Hoc|Any CPU
		Ad-Hoc|iPhone = Ad-Hoc|iPhone
		Ad-Hoc|iPhoneSimulator = Ad-Hoc|iPhoneSimulator
		AppStore|Any CPU = AppStore|Any CPU
		AppStore|iPhone = AppStore|iPhone
		AppStore|iPhoneSimulator = AppStore|iPhoneSimulator
		Debug|Any CPU = Debug|Any CPU
		Debug|iPhone = Debug|iPhone
		Debug|iPhoneSimulator = Debug|iPhoneSimulator
		Release|Any CPU = Release|Any CPU
		Release|iPhone = Release|iPhone
		Release|iPhoneSimulator = Release|iPhoneSimulator
	EndGlobalSection
	GlobalSection(ProjectConfigurationPlatforms) = postSolution
		{FA01C86D-9F0B-4093-BFC6-3C28A4B2C7B8}.Ad-Hoc|Any CPU.ActiveCfg = Release|Any CPU
		{FA01C86D-9F0B-4093-BFC6-3C28A4B2C7B8}.Ad-Hoc|Any CPU.Build.0 = Release|Any CPU
		{FA01C86D-9F0B-4093-BFC6-3C28A4B2C7B8}.Ad-Hoc|Any CPU.Deploy.0 = Release|Any CPU
		{FA01C86D-9F0B-4093-BFC6-3C28A4B2C7B8}.Ad-Hoc|iPhone.ActiveCfg = Release|Any CPU
		{FA01C86D-9F0B-4093-BFC6-3C28A4B2C7B8}.Ad-Hoc|iPhone.Build.0 = Release|Any CPU
		{FA01C86D-9F0B-4093-BFC6-3C28A4B2C7B8}.Ad-Hoc|iPhone.Deploy.0 = Release|Any CPU
		{FA01C86D-9F0B-4093-BFC6-3C28A4B2C7B8}.Ad-Hoc|iPhoneSimulator.ActiveCfg = Release|Any CPU
		{FA01C86D-9F0B-4093-BFC6-3C28A4B2C7B8}.Ad-Hoc|iPhoneSimulator.Build.0 = Release|Any CPU
		{FA01C86D-9F0B-4093-BFC6-3C28A4B2C7B8}.Ad-Hoc|iPhoneSimulator.Deploy.0 = Release|Any CPU
		{FA01C86D-9F0B-4093-BFC6-3C28A4B2C7B8}.AppStore|Any CPU.ActiveCfg = Release|Any CPU
		{FA01C86D-9F0B-4093-BFC6-3C28A4B2C7B8}.AppStore|Any CPU.Build.0 = Release|Any CPU
		{FA01C86D-9F0B-4093-BFC6-3C28A4B2C7B8}.AppStore|Any CPU.Deploy.0 = Release|Any CPU
		{FA01C86D-9F0B-4093-BFC6-3C28A4B2C7B8}.AppStore|iPhone.ActiveCfg = Release|Any CPU
		{FA01C86D-9F0B-4093-BFC6-3C28A4B2C7B8}.AppStore|iPhone.Build.0 = Release|Any CPU
		{FA01C86D-9F0B-4093-BFC6-3C28A4B2C7B8}.AppStore|iPhone.Deploy.0 = Release|Any CPU
		{FA01C86D-9F0B-4093-BFC6-3C28A4B2C7B8}.AppStore|iPhoneSimulator.ActiveCfg = Release|Any CPU
		{FA01C86D-9F0B-4093-BFC6-3C28A4B2C7B8}.AppStore|iPhoneSimulator.Build.0 = Release|Any CPU
		{FA01C86D-9F0B-4093-BFC6-3C28A4B2C7B8}.AppStore|iPhoneSimulator.Deploy.0 = Release|Any CPU
		{FA01C86D-9F0B-4093-BFC6-3C28A4B2C7B8}.Debug|Any CPU.ActiveCfg = Debug|Any CPU
		{FA01C86D-9F0B-4093-BFC6-3C28A4B2C7B8}.Debug|Any CPU.Build.0 = Debug|Any CPU
		{FA01C86D-9F0B-4093-BFC6-3C28A4B2C7B8}.Debug|Any CPU.Deploy.0 = Debug|Any CPU
		{FA01C86D-9F0B-4093-BFC6-3C28A4B2C7B8}.Debug|iPhone.ActiveCfg = Debug|Any CPU
		{FA01C86D-9F0B-4093-BFC6-3C28A4B2C7B8}.Debug|iPhone.Build.0 = Debug|Any CPU
		{FA01C86D-9F0B-4093-BFC6-3C28A4B2C7B8}.Debug|iPhone.Deploy.0 = Debug|Any CPU
		{FA01C86D-9F0B-4093-BFC6-3C28A4B2C7B8}.Debug|iPhoneSimulator.ActiveCfg = Debug|Any CPU
		{FA01C86D-9F0B-4093-BFC6-3C28A4B2C7B8}.Debug|iPhoneSimulator.Build.0 = Debug|Any CPU
		{FA01C86D-9F0B-4093-BFC6-3C28A4B2C7B8}.Debug|iPhoneSimulator.Deploy.0 = Debug|Any CPU
		{FA01C86D-9F0B-4093-BFC6-3C28A4B2C7B8}.Release|Any CPU.ActiveCfg = Release|Any CPU
		{FA01C86D-9F0B-4093-BFC6-3C28A4B2C7B8}.Release|Any CPU.Build.0 = Release|Any CPU
		{FA01C86D-9F0B-4093-BFC6-3C28A4B2C7B8}.Release|Any CPU.Deploy.0 = Release|Any CPU
		{FA01C86D-9F0B-4093-BFC6-3C28A4B2C7B8}.Release|iPhone.ActiveCfg = Release|Any CPU
		{FA01C86D-9F0B-4093-BFC6-3C28A4B2C7B8}.Release|iPhone.Build.0 = Release|Any CPU
		{FA01C86D-9F0B-4093-BFC6-3C28A4B2C7B8}.Release|iPhone.Deploy.0 = Release|Any CPU
		{FA01C86D-9F0B-4093-BFC6-3C28A4B2C7B8}.Release|iPhoneSimulator.ActiveCfg = Release|Any CPU
		{FA01C86D-9F0B-4093-BFC6-3C28A4B2C7B8}.Release|iPhoneSimulator.Build.0 = Release|Any CPU
		{FA01C86D-9F0B-4093-BFC6-3C28A4B2C7B8}.Release|iPhoneSimulator.Deploy.0 = Release|Any CPU
		{49DFC0FA-CA57-4ADE-81C8-5CF2F46F8EB6}.Ad-Hoc|Any CPU.ActiveCfg = Ad-Hoc|iPhone
		{49DFC0FA-CA57-4ADE-81C8-5CF2F46F8EB6}.Ad-Hoc|iPhone.ActiveCfg = Ad-Hoc|iPhone
		{49DFC0FA-CA57-4ADE-81C8-5CF2F46F8EB6}.Ad-Hoc|iPhone.Build.0 = Ad-Hoc|iPhone
		{49DFC0FA-CA57-4ADE-81C8-5CF2F46F8EB6}.Ad-Hoc|iPhoneSimulator.ActiveCfg = Ad-Hoc|iPhoneSimulator
		{49DFC0FA-CA57-4ADE-81C8-5CF2F46F8EB6}.Ad-Hoc|iPhoneSimulator.Build.0 = Ad-Hoc|iPhoneSimulator
		{49DFC0FA-CA57-4ADE-81C8-5CF2F46F8EB6}.AppStore|Any CPU.ActiveCfg = AppStore|iPhone
		{49DFC0FA-CA57-4ADE-81C8-5CF2F46F8EB6}.AppStore|iPhone.ActiveCfg = AppStore|iPhone
		{49DFC0FA-CA57-4ADE-81C8-5CF2F46F8EB6}.AppStore|iPhone.Build.0 = AppStore|iPhone
		{49DFC0FA-CA57-4ADE-81C8-5CF2F46F8EB6}.AppStore|iPhoneSimulator.ActiveCfg = AppStore|iPhoneSimulator
		{49DFC0FA-CA57-4ADE-81C8-5CF2F46F8EB6}.AppStore|iPhoneSimulator.Build.0 = AppStore|iPhoneSimulator
		{49DFC0FA-CA57-4ADE-81C8-5CF2F46F8EB6}.Debug|Any CPU.ActiveCfg = Debug|iPhone
		{49DFC0FA-CA57-4ADE-81C8-5CF2F46F8EB6}.Debug|iPhone.ActiveCfg = Debug|iPhone
		{49DFC0FA-CA57-4ADE-81C8-5CF2F46F8EB6}.Debug|iPhone.Build.0 = Debug|iPhone
		{49DFC0FA-CA57-4ADE-81C8-5CF2F46F8EB6}.Debug|iPhoneSimulator.ActiveCfg = Debug|iPhoneSimulator
		{49DFC0FA-CA57-4ADE-81C8-5CF2F46F8EB6}.Debug|iPhoneSimulator.Build.0 = Debug|iPhoneSimulator
		{49DFC0FA-CA57-4ADE-81C8-5CF2F46F8EB6}.Release|Any CPU.ActiveCfg = Release|iPhone
		{49DFC0FA-CA57-4ADE-81C8-5CF2F46F8EB6}.Release|iPhone.ActiveCfg = Release|iPhone
		{49DFC0FA-CA57-4ADE-81C8-5CF2F46F8EB6}.Release|iPhone.Build.0 = Release|iPhone
		{49DFC0FA-CA57-4ADE-81C8-5CF2F46F8EB6}.Release|iPhoneSimulator.ActiveCfg = Release|iPhoneSimulator
		{49DFC0FA-CA57-4ADE-81C8-5CF2F46F8EB6}.Release|iPhoneSimulator.Build.0 = Release|iPhoneSimulator
		{D2F74D28-9D9F-421F-82D3-70082C91133B}.Ad-Hoc|Any CPU.ActiveCfg = Release|Any CPU
		{D2F74D28-9D9F-421F-82D3-70082C91133B}.Ad-Hoc|Any CPU.Build.0 = Release|Any CPU
		{D2F74D28-9D9F-421F-82D3-70082C91133B}.Ad-Hoc|iPhone.ActiveCfg = Release|Any CPU
		{D2F74D28-9D9F-421F-82D3-70082C91133B}.Ad-Hoc|iPhone.Build.0 = Release|Any CPU
		{D2F74D28-9D9F-421F-82D3-70082C91133B}.Ad-Hoc|iPhoneSimulator.ActiveCfg = Release|Any CPU
		{D2F74D28-9D9F-421F-82D3-70082C91133B}.Ad-Hoc|iPhoneSimulator.Build.0 = Release|Any CPU
		{D2F74D28-9D9F-421F-82D3-70082C91133B}.AppStore|Any CPU.ActiveCfg = Release|Any CPU
		{D2F74D28-9D9F-421F-82D3-70082C91133B}.AppStore|Any CPU.Build.0 = Release|Any CPU
		{D2F74D28-9D9F-421F-82D3-70082C91133B}.AppStore|iPhone.ActiveCfg = Release|Any CPU
		{D2F74D28-9D9F-421F-82D3-70082C91133B}.AppStore|iPhone.Build.0 = Release|Any CPU
		{D2F74D28-9D9F-421F-82D3-70082C91133B}.AppStore|iPhoneSimulator.ActiveCfg = Release|Any CPU
		{D2F74D28-9D9F-421F-82D3-70082C91133B}.AppStore|iPhoneSimulator.Build.0 = Release|Any CPU
		{D2F74D28-9D9F-421F-82D3-70082C91133B}.Debug|Any CPU.ActiveCfg = Debug|Any CPU
		{D2F74D28-9D9F-421F-82D3-70082C91133B}.Debug|Any CPU.Build.0 = Debug|Any CPU
		{D2F74D28-9D9F-421F-82D3-70082C91133B}.Debug|iPhone.ActiveCfg = Debug|Any CPU
		{D2F74D28-9D9F-421F-82D3-70082C91133B}.Debug|iPhone.Build.0 = Debug|Any CPU
		{D2F74D28-9D9F-421F-82D3-70082C91133B}.Debug|iPhoneSimulator.ActiveCfg = Debug|Any CPU
		{D2F74D28-9D9F-421F-82D3-70082C91133B}.Debug|iPhoneSimulator.Build.0 = Debug|Any CPU
		{D2F74D28-9D9F-421F-82D3-70082C91133B}.Release|Any CPU.ActiveCfg = Release|Any CPU
		{D2F74D28-9D9F-421F-82D3-70082C91133B}.Release|Any CPU.Build.0 = Release|Any CPU
		{D2F74D28-9D9F-421F-82D3-70082C91133B}.Release|iPhone.ActiveCfg = Release|Any CPU
		{D2F74D28-9D9F-421F-82D3-70082C91133B}.Release|iPhone.Build.0 = Release|Any CPU
		{D2F74D28-9D9F-421F-82D3-70082C91133B}.Release|iPhoneSimulator.ActiveCfg = Release|Any CPU
		{D2F74D28-9D9F-421F-82D3-70082C91133B}.Release|iPhoneSimulator.Build.0 = Release|Any CPU
		{6163A4CB-9B52-4F5E-B5B6-52E21214AFD1}.Ad-Hoc|Any CPU.ActiveCfg = Release|Any CPU
		{6163A4CB-9B52-4F5E-B5B6-52E21214AFD1}.Ad-Hoc|Any CPU.Build.0 = Release|Any CPU
		{6163A4CB-9B52-4F5E-B5B6-52E21214AFD1}.Ad-Hoc|iPhone.ActiveCfg = Release|Any CPU
		{6163A4CB-9B52-4F5E-B5B6-52E21214AFD1}.Ad-Hoc|iPhone.Build.0 = Release|Any CPU
		{6163A4CB-9B52-4F5E-B5B6-52E21214AFD1}.Ad-Hoc|iPhoneSimulator.ActiveCfg = Release|Any CPU
		{6163A4CB-9B52-4F5E-B5B6-52E21214AFD1}.Ad-Hoc|iPhoneSimulator.Build.0 = Release|Any CPU
		{6163A4CB-9B52-4F5E-B5B6-52E21214AFD1}.AppStore|Any CPU.ActiveCfg = Release|Any CPU
		{6163A4CB-9B52-4F5E-B5B6-52E21214AFD1}.AppStore|Any CPU.Build.0 = Release|Any CPU
		{6163A4CB-9B52-4F5E-B5B6-52E21214AFD1}.AppStore|iPhone.ActiveCfg = Release|Any CPU
		{6163A4CB-9B52-4F5E-B5B6-52E21214AFD1}.AppStore|iPhone.Build.0 = Release|Any CPU
		{6163A4CB-9B52-4F5E-B5B6-52E21214AFD1}.AppStore|iPhoneSimulator.ActiveCfg = Release|Any CPU
		{6163A4CB-9B52-4F5E-B5B6-52E21214AFD1}.AppStore|iPhoneSimulator.Build.0 = Release|Any CPU
		{6163A4CB-9B52-4F5E-B5B6-52E21214AFD1}.Debug|Any CPU.ActiveCfg = Debug|Any CPU
		{6163A4CB-9B52-4F5E-B5B6-52E21214AFD1}.Debug|Any CPU.Build.0 = Debug|Any CPU
		{6163A4CB-9B52-4F5E-B5B6-52E21214AFD1}.Debug|iPhone.ActiveCfg = Debug|Any CPU
		{6163A4CB-9B52-4F5E-B5B6-52E21214AFD1}.Debug|iPhone.Build.0 = Debug|Any CPU
		{6163A4CB-9B52-4F5E-B5B6-52E21214AFD1}.Debug|iPhoneSimulator.ActiveCfg = Debug|Any CPU
		{6163A4CB-9B52-4F5E-B5B6-52E21214AFD1}.Debug|iPhoneSimulator.Build.0 = Debug|Any CPU
		{6163A4CB-9B52-4F5E-B5B6-52E21214AFD1}.Release|Any CPU.ActiveCfg = Release|Any CPU
		{6163A4CB-9B52-4F5E-B5B6-52E21214AFD1}.Release|Any CPU.Build.0 = Release|Any CPU
		{6163A4CB-9B52-4F5E-B5B6-52E21214AFD1}.Release|iPhone.ActiveCfg = Release|Any CPU
		{6163A4CB-9B52-4F5E-B5B6-52E21214AFD1}.Release|iPhone.Build.0 = Release|Any CPU
		{6163A4CB-9B52-4F5E-B5B6-52E21214AFD1}.Release|iPhoneSimulator.ActiveCfg = Release|Any CPU
		{6163A4CB-9B52-4F5E-B5B6-52E21214AFD1}.Release|iPhoneSimulator.Build.0 = Release|Any CPU
		{0EEA2A68-306D-4FC3-9699-E665BFD7A43E}.Ad-Hoc|Any CPU.ActiveCfg = Release|Any CPU
		{0EEA2A68-306D-4FC3-9699-E665BFD7A43E}.Ad-Hoc|Any CPU.Build.0 = Release|Any CPU
		{0EEA2A68-306D-4FC3-9699-E665BFD7A43E}.Ad-Hoc|iPhone.ActiveCfg = Release|Any CPU
		{0EEA2A68-306D-4FC3-9699-E665BFD7A43E}.Ad-Hoc|iPhone.Build.0 = Release|Any CPU
		{0EEA2A68-306D-4FC3-9699-E665BFD7A43E}.Ad-Hoc|iPhoneSimulator.ActiveCfg = Release|Any CPU
		{0EEA2A68-306D-4FC3-9699-E665BFD7A43E}.Ad-Hoc|iPhoneSimulator.Build.0 = Release|Any CPU
		{0EEA2A68-306D-4FC3-9699-E665BFD7A43E}.AppStore|Any CPU.ActiveCfg = Release|Any CPU
		{0EEA2A68-306D-4FC3-9699-E665BFD7A43E}.AppStore|Any CPU.Build.0 = Release|Any CPU
		{0EEA2A68-306D-4FC3-9699-E665BFD7A43E}.AppStore|iPhone.ActiveCfg = Release|Any CPU
		{0EEA2A68-306D-4FC3-9699-E665BFD7A43E}.AppStore|iPhone.Build.0 = Release|Any CPU
		{0EEA2A68-306D-4FC3-9699-E665BFD7A43E}.AppStore|iPhoneSimulator.ActiveCfg = Release|Any CPU
		{0EEA2A68-306D-4FC3-9699-E665BFD7A43E}.AppStore|iPhoneSimulator.Build.0 = Release|Any CPU
		{0EEA2A68-306D-4FC3-9699-E665BFD7A43E}.Debug|Any CPU.ActiveCfg = Debug|Any CPU
		{0EEA2A68-306D-4FC3-9699-E665BFD7A43E}.Debug|Any CPU.Build.0 = Debug|Any CPU
		{0EEA2A68-306D-4FC3-9699-E665BFD7A43E}.Debug|iPhone.ActiveCfg = Debug|Any CPU
		{0EEA2A68-306D-4FC3-9699-E665BFD7A43E}.Debug|iPhone.Build.0 = Debug|Any CPU
		{0EEA2A68-306D-4FC3-9699-E665BFD7A43E}.Debug|iPhoneSimulator.ActiveCfg = Debug|Any CPU
		{0EEA2A68-306D-4FC3-9699-E665BFD7A43E}.Debug|iPhoneSimulator.Build.0 = Debug|Any CPU
		{0EEA2A68-306D-4FC3-9699-E665BFD7A43E}.Release|Any CPU.ActiveCfg = Release|Any CPU
		{0EEA2A68-306D-4FC3-9699-E665BFD7A43E}.Release|Any CPU.Build.0 = Release|Any CPU
		{0EEA2A68-306D-4FC3-9699-E665BFD7A43E}.Release|iPhone.ActiveCfg = Release|Any CPU
		{0EEA2A68-306D-4FC3-9699-E665BFD7A43E}.Release|iPhone.Build.0 = Release|Any CPU
		{0EEA2A68-306D-4FC3-9699-E665BFD7A43E}.Release|iPhoneSimulator.ActiveCfg = Release|Any CPU
		{0EEA2A68-306D-4FC3-9699-E665BFD7A43E}.Release|iPhoneSimulator.Build.0 = Release|Any CPU
		{84B9E573-7DDE-4E66-8070-07A0A0A60200}.Ad-Hoc|Any CPU.ActiveCfg = Release|Any CPU
		{84B9E573-7DDE-4E66-8070-07A0A0A60200}.Ad-Hoc|Any CPU.Build.0 = Release|Any CPU
		{84B9E573-7DDE-4E66-8070-07A0A0A60200}.Ad-Hoc|Any CPU.Deploy.0 = Release|Any CPU
		{84B9E573-7DDE-4E66-8070-07A0A0A60200}.Ad-Hoc|iPhone.ActiveCfg = Release|Any CPU
		{84B9E573-7DDE-4E66-8070-07A0A0A60200}.Ad-Hoc|iPhone.Build.0 = Release|Any CPU
		{84B9E573-7DDE-4E66-8070-07A0A0A60200}.Ad-Hoc|iPhone.Deploy.0 = Release|Any CPU
		{84B9E573-7DDE-4E66-8070-07A0A0A60200}.Ad-Hoc|iPhoneSimulator.ActiveCfg = Release|Any CPU
		{84B9E573-7DDE-4E66-8070-07A0A0A60200}.Ad-Hoc|iPhoneSimulator.Build.0 = Release|Any CPU
		{84B9E573-7DDE-4E66-8070-07A0A0A60200}.Ad-Hoc|iPhoneSimulator.Deploy.0 = Release|Any CPU
		{84B9E573-7DDE-4E66-8070-07A0A0A60200}.AppStore|Any CPU.ActiveCfg = Release|Any CPU
		{84B9E573-7DDE-4E66-8070-07A0A0A60200}.AppStore|Any CPU.Build.0 = Release|Any CPU
		{84B9E573-7DDE-4E66-8070-07A0A0A60200}.AppStore|Any CPU.Deploy.0 = Release|Any CPU
		{84B9E573-7DDE-4E66-8070-07A0A0A60200}.AppStore|iPhone.ActiveCfg = Release|Any CPU
		{84B9E573-7DDE-4E66-8070-07A0A0A60200}.AppStore|iPhone.Build.0 = Release|Any CPU
		{84B9E573-7DDE-4E66-8070-07A0A0A60200}.AppStore|iPhone.Deploy.0 = Release|Any CPU
		{84B9E573-7DDE-4E66-8070-07A0A0A60200}.AppStore|iPhoneSimulator.ActiveCfg = Release|Any CPU
		{84B9E573-7DDE-4E66-8070-07A0A0A60200}.AppStore|iPhoneSimulator.Build.0 = Release|Any CPU
		{84B9E573-7DDE-4E66-8070-07A0A0A60200}.AppStore|iPhoneSimulator.Deploy.0 = Release|Any CPU
		{84B9E573-7DDE-4E66-8070-07A0A0A60200}.Debug|Any CPU.ActiveCfg = Debug|Any CPU
		{84B9E573-7DDE-4E66-8070-07A0A0A60200}.Debug|Any CPU.Build.0 = Debug|Any CPU
		{84B9E573-7DDE-4E66-8070-07A0A0A60200}.Debug|Any CPU.Deploy.0 = Debug|Any CPU
		{84B9E573-7DDE-4E66-8070-07A0A0A60200}.Debug|iPhone.ActiveCfg = Debug|Any CPU
		{84B9E573-7DDE-4E66-8070-07A0A0A60200}.Debug|iPhone.Build.0 = Debug|Any CPU
		{84B9E573-7DDE-4E66-8070-07A0A0A60200}.Debug|iPhone.Deploy.0 = Debug|Any CPU
		{84B9E573-7DDE-4E66-8070-07A0A0A60200}.Debug|iPhoneSimulator.ActiveCfg = Debug|Any CPU
		{84B9E573-7DDE-4E66-8070-07A0A0A60200}.Debug|iPhoneSimulator.Build.0 = Debug|Any CPU
		{84B9E573-7DDE-4E66-8070-07A0A0A60200}.Debug|iPhoneSimulator.Deploy.0 = Debug|Any CPU
		{84B9E573-7DDE-4E66-8070-07A0A0A60200}.Release|Any CPU.ActiveCfg = Release|Any CPU
		{84B9E573-7DDE-4E66-8070-07A0A0A60200}.Release|Any CPU.Build.0 = Release|Any CPU
		{84B9E573-7DDE-4E66-8070-07A0A0A60200}.Release|Any CPU.Deploy.0 = Release|Any CPU
		{84B9E573-7DDE-4E66-8070-07A0A0A60200}.Release|iPhone.ActiveCfg = Release|Any CPU
		{84B9E573-7DDE-4E66-8070-07A0A0A60200}.Release|iPhone.Build.0 = Release|Any CPU
		{84B9E573-7DDE-4E66-8070-07A0A0A60200}.Release|iPhone.Deploy.0 = Release|Any CPU
		{84B9E573-7DDE-4E66-8070-07A0A0A60200}.Release|iPhoneSimulator.ActiveCfg = Release|Any CPU
		{84B9E573-7DDE-4E66-8070-07A0A0A60200}.Release|iPhoneSimulator.Build.0 = Release|Any CPU
		{84B9E573-7DDE-4E66-8070-07A0A0A60200}.Release|iPhoneSimulator.Deploy.0 = Release|Any CPU
		{88332C86-2B4E-4898-9BE5-2C7F9F87A658}.Ad-Hoc|Any CPU.ActiveCfg = Ad-Hoc|iPhone
		{88332C86-2B4E-4898-9BE5-2C7F9F87A658}.Ad-Hoc|iPhone.ActiveCfg = Ad-Hoc|iPhone
		{88332C86-2B4E-4898-9BE5-2C7F9F87A658}.Ad-Hoc|iPhone.Build.0 = Ad-Hoc|iPhone
		{88332C86-2B4E-4898-9BE5-2C7F9F87A658}.Ad-Hoc|iPhoneSimulator.ActiveCfg = Ad-Hoc|iPhoneSimulator
		{88332C86-2B4E-4898-9BE5-2C7F9F87A658}.Ad-Hoc|iPhoneSimulator.Build.0 = Ad-Hoc|iPhoneSimulator
		{88332C86-2B4E-4898-9BE5-2C7F9F87A658}.AppStore|Any CPU.ActiveCfg = AppStore|iPhone
		{88332C86-2B4E-4898-9BE5-2C7F9F87A658}.AppStore|iPhone.ActiveCfg = AppStore|iPhone
		{88332C86-2B4E-4898-9BE5-2C7F9F87A658}.AppStore|iPhone.Build.0 = AppStore|iPhone
		{88332C86-2B4E-4898-9BE5-2C7F9F87A658}.AppStore|iPhoneSimulator.ActiveCfg = AppStore|iPhoneSimulator
		{88332C86-2B4E-4898-9BE5-2C7F9F87A658}.AppStore|iPhoneSimulator.Build.0 = AppStore|iPhoneSimulator
		{88332C86-2B4E-4898-9BE5-2C7F9F87A658}.Debug|Any CPU.ActiveCfg = Debug|iPhone
		{88332C86-2B4E-4898-9BE5-2C7F9F87A658}.Debug|iPhone.ActiveCfg = Debug|iPhone
		{88332C86-2B4E-4898-9BE5-2C7F9F87A658}.Debug|iPhone.Build.0 = Debug|iPhone
		{88332C86-2B4E-4898-9BE5-2C7F9F87A658}.Debug|iPhoneSimulator.ActiveCfg = Debug|iPhoneSimulator
		{88332C86-2B4E-4898-9BE5-2C7F9F87A658}.Debug|iPhoneSimulator.Build.0 = Debug|iPhoneSimulator
		{88332C86-2B4E-4898-9BE5-2C7F9F87A658}.Release|Any CPU.ActiveCfg = Release|iPhone
		{88332C86-2B4E-4898-9BE5-2C7F9F87A658}.Release|iPhone.ActiveCfg = Release|iPhone
		{88332C86-2B4E-4898-9BE5-2C7F9F87A658}.Release|iPhone.Build.0 = Release|iPhone
		{88332C86-2B4E-4898-9BE5-2C7F9F87A658}.Release|iPhoneSimulator.ActiveCfg = Release|iPhoneSimulator
		{88332C86-2B4E-4898-9BE5-2C7F9F87A658}.Release|iPhoneSimulator.Build.0 = Release|iPhoneSimulator
		{0D74230F-6D71-47AE-848E-0B00F49BFD3D}.Ad-Hoc|Any CPU.ActiveCfg = Release|Any CPU
		{0D74230F-6D71-47AE-848E-0B00F49BFD3D}.Ad-Hoc|Any CPU.Build.0 = Release|Any CPU
		{0D74230F-6D71-47AE-848E-0B00F49BFD3D}.Ad-Hoc|iPhone.ActiveCfg = Release|Any CPU
		{0D74230F-6D71-47AE-848E-0B00F49BFD3D}.Ad-Hoc|iPhone.Build.0 = Release|Any CPU
		{0D74230F-6D71-47AE-848E-0B00F49BFD3D}.Ad-Hoc|iPhoneSimulator.ActiveCfg = Release|Any CPU
		{0D74230F-6D71-47AE-848E-0B00F49BFD3D}.Ad-Hoc|iPhoneSimulator.Build.0 = Release|Any CPU
		{0D74230F-6D71-47AE-848E-0B00F49BFD3D}.AppStore|Any CPU.ActiveCfg = Release|Any CPU
		{0D74230F-6D71-47AE-848E-0B00F49BFD3D}.AppStore|Any CPU.Build.0 = Release|Any CPU
		{0D74230F-6D71-47AE-848E-0B00F49BFD3D}.AppStore|iPhone.ActiveCfg = Release|Any CPU
		{0D74230F-6D71-47AE-848E-0B00F49BFD3D}.AppStore|iPhone.Build.0 = Release|Any CPU
		{0D74230F-6D71-47AE-848E-0B00F49BFD3D}.AppStore|iPhoneSimulator.ActiveCfg = Release|Any CPU
		{0D74230F-6D71-47AE-848E-0B00F49BFD3D}.AppStore|iPhoneSimulator.Build.0 = Release|Any CPU
		{0D74230F-6D71-47AE-848E-0B00F49BFD3D}.Debug|Any CPU.ActiveCfg = Debug|Any CPU
		{0D74230F-6D71-47AE-848E-0B00F49BFD3D}.Debug|Any CPU.Build.0 = Debug|Any CPU
		{0D74230F-6D71-47AE-848E-0B00F49BFD3D}.Debug|iPhone.ActiveCfg = Debug|Any CPU
		{0D74230F-6D71-47AE-848E-0B00F49BFD3D}.Debug|iPhone.Build.0 = Debug|Any CPU
		{0D74230F-6D71-47AE-848E-0B00F49BFD3D}.Debug|iPhoneSimulator.ActiveCfg = Debug|Any CPU
		{0D74230F-6D71-47AE-848E-0B00F49BFD3D}.Debug|iPhoneSimulator.Build.0 = Debug|Any CPU
		{0D74230F-6D71-47AE-848E-0B00F49BFD3D}.Release|Any CPU.ActiveCfg = Release|Any CPU
		{0D74230F-6D71-47AE-848E-0B00F49BFD3D}.Release|Any CPU.Build.0 = Release|Any CPU
		{0D74230F-6D71-47AE-848E-0B00F49BFD3D}.Release|iPhone.ActiveCfg = Release|Any CPU
		{0D74230F-6D71-47AE-848E-0B00F49BFD3D}.Release|iPhone.Build.0 = Release|Any CPU
		{0D74230F-6D71-47AE-848E-0B00F49BFD3D}.Release|iPhoneSimulator.ActiveCfg = Release|Any CPU
		{0D74230F-6D71-47AE-848E-0B00F49BFD3D}.Release|iPhoneSimulator.Build.0 = Release|Any CPU
		{D5AF087B-C68C-4E80-9576-5E93C36C8275}.Ad-Hoc|Any CPU.ActiveCfg = Release|Any CPU
		{D5AF087B-C68C-4E80-9576-5E93C36C8275}.Ad-Hoc|Any CPU.Build.0 = Release|Any CPU
		{D5AF087B-C68C-4E80-9576-5E93C36C8275}.Ad-Hoc|iPhone.ActiveCfg = Release|Any CPU
		{D5AF087B-C68C-4E80-9576-5E93C36C8275}.Ad-Hoc|iPhone.Build.0 = Release|Any CPU
		{D5AF087B-C68C-4E80-9576-5E93C36C8275}.Ad-Hoc|iPhoneSimulator.ActiveCfg = Release|Any CPU
		{D5AF087B-C68C-4E80-9576-5E93C36C8275}.Ad-Hoc|iPhoneSimulator.Build.0 = Release|Any CPU
		{D5AF087B-C68C-4E80-9576-5E93C36C8275}.AppStore|Any CPU.ActiveCfg = Release|Any CPU
		{D5AF087B-C68C-4E80-9576-5E93C36C8275}.AppStore|Any CPU.Build.0 = Release|Any CPU
		{D5AF087B-C68C-4E80-9576-5E93C36C8275}.AppStore|iPhone.ActiveCfg = Release|Any CPU
		{D5AF087B-C68C-4E80-9576-5E93C36C8275}.AppStore|iPhone.Build.0 = Release|Any CPU
		{D5AF087B-C68C-4E80-9576-5E93C36C8275}.AppStore|iPhoneSimulator.ActiveCfg = Release|Any CPU
		{D5AF087B-C68C-4E80-9576-5E93C36C8275}.AppStore|iPhoneSimulator.Build.0 = Release|Any CPU
		{D5AF087B-C68C-4E80-9576-5E93C36C8275}.Debug|Any CPU.ActiveCfg = Debug|Any CPU
		{D5AF087B-C68C-4E80-9576-5E93C36C8275}.Debug|Any CPU.Build.0 = Debug|Any CPU
		{D5AF087B-C68C-4E80-9576-5E93C36C8275}.Debug|iPhone.ActiveCfg = Debug|Any CPU
		{D5AF087B-C68C-4E80-9576-5E93C36C8275}.Debug|iPhone.Build.0 = Debug|Any CPU
		{D5AF087B-C68C-4E80-9576-5E93C36C8275}.Debug|iPhoneSimulator.ActiveCfg = Debug|Any CPU
		{D5AF087B-C68C-4E80-9576-5E93C36C8275}.Debug|iPhoneSimulator.Build.0 = Debug|Any CPU
		{D5AF087B-C68C-4E80-9576-5E93C36C8275}.Release|Any CPU.ActiveCfg = Release|Any CPU
		{D5AF087B-C68C-4E80-9576-5E93C36C8275}.Release|Any CPU.Build.0 = Release|Any CPU
		{D5AF087B-C68C-4E80-9576-5E93C36C8275}.Release|iPhone.ActiveCfg = Release|Any CPU
		{D5AF087B-C68C-4E80-9576-5E93C36C8275}.Release|iPhone.Build.0 = Release|Any CPU
		{D5AF087B-C68C-4E80-9576-5E93C36C8275}.Release|iPhoneSimulator.ActiveCfg = Release|Any CPU
		{D5AF087B-C68C-4E80-9576-5E93C36C8275}.Release|iPhoneSimulator.Build.0 = Release|Any CPU
	EndGlobalSection
	GlobalSection(SolutionProperties) = preSolution
		HideSolutionNode = FALSE
	EndGlobalSection
	GlobalSection(NestedProjects) = preSolution
		{72BB54C3-6A48-44EA-91C0-16DFA5092820} = {462A6566-857F-4ED7-B370-46566DF3B6C7}
		{66F383CF-FCE3-4CB8-9C68-0B7D9919B481} = {462A6566-857F-4ED7-B370-46566DF3B6C7}
		{ADBD6CCC-47CF-44A7-8197-03005BA516B5} = {462A6566-857F-4ED7-B370-46566DF3B6C7}
		{FA01C86D-9F0B-4093-BFC6-3C28A4B2C7B8} = {72BB54C3-6A48-44EA-91C0-16DFA5092820}
		{49DFC0FA-CA57-4ADE-81C8-5CF2F46F8EB6} = {72BB54C3-6A48-44EA-91C0-16DFA5092820}
		{D2F74D28-9D9F-421F-82D3-70082C91133B} = {72BB54C3-6A48-44EA-91C0-16DFA5092820}
		{6163A4CB-9B52-4F5E-B5B6-52E21214AFD1} = {ADBD6CCC-47CF-44A7-8197-03005BA516B5}
		{0EEA2A68-306D-4FC3-9699-E665BFD7A43E} = {ADBD6CCC-47CF-44A7-8197-03005BA516B5}
		{84B9E573-7DDE-4E66-8070-07A0A0A60200} = {66F383CF-FCE3-4CB8-9C68-0B7D9919B481}
		{88332C86-2B4E-4898-9BE5-2C7F9F87A658} = {66F383CF-FCE3-4CB8-9C68-0B7D9919B481}
		{457CEB82-2448-48E5-A2D0-A02CB7EEE138} = {462A6566-857F-4ED7-B370-46566DF3B6C7}
		{F4E74E8B-10B6-4118-983D-949D50C5955B} = {457CEB82-2448-48E5-A2D0-A02CB7EEE138}
		{5CCF65A5-2753-46F9-AF6E-03AE3C001ECF} = {457CEB82-2448-48E5-A2D0-A02CB7EEE138}
		{0D74230F-6D71-47AE-848E-0B00F49BFD3D} = {F4E74E8B-10B6-4118-983D-949D50C5955B}
		{D5AF087B-C68C-4E80-9576-5E93C36C8275} = {5CCF65A5-2753-46F9-AF6E-03AE3C001ECF}
	EndGlobalSection
EndGlobal
